
Microsoft Visual Studio Solution File, Format Version 12.00
# Visual Studio 15
VisualStudioVersion = 15.0.28307.168
MinimumVisualStudioVersion = 10.0.40219.1
Project("{FAE04EC0-301F-11D3-BF4B-00C04F79EFBC}") = "StepOut.Android", "StepOut\StepOut.Android\StepOut.Android.csproj", "{83EF8742-8D75-4697-8B1D-84DBD2BEAACB}"
EndProject
Project("{FAE04EC0-301F-11D3-BF4B-00C04F79EFBC}") = "StepOut.iOS", "StepOut\StepOut.iOS\StepOut.iOS.csproj", "{1BF2871B-63C5-416A-A4B4-6904ECC9048D}"
EndProject
Project("{FAE04EC0-301F-11D3-BF4B-00C04F79EFBC}") = "StepOut.UWP", "StepOut\StepOut.UWP\StepOut.UWP.csproj", "{43889B9F-94EB-452E-BE4D-236DAAA96DED}"
EndProject
Project("{9A19103F-16F7-4668-BE54-9A1E7A4F7556}") = "StepOut", "StepOut\StepOut\StepOut.csproj", "{CD63A9C8-6906-492B-BC0D-853F130441BD}"
EndProject
Global
	GlobalSection(SolutionConfigurationPlatforms) = preSolution
		Ad-Hoc|Any CPU = Ad-Hoc|Any CPU
		Ad-Hoc|ARM = Ad-Hoc|ARM
		Ad-Hoc|iPhone = Ad-Hoc|iPhone
		Ad-Hoc|iPhoneSimulator = Ad-Hoc|iPhoneSimulator
		Ad-Hoc|x64 = Ad-Hoc|x64
		Ad-Hoc|x86 = Ad-Hoc|x86
		AppStore|Any CPU = AppStore|Any CPU
		AppStore|ARM = AppStore|ARM
		AppStore|iPhone = AppStore|iPhone
		AppStore|iPhoneSimulator = AppStore|iPhoneSimulator
		AppStore|x64 = AppStore|x64
		AppStore|x86 = AppStore|x86
		Debug|Any CPU = Debug|Any CPU
		Debug|ARM = Debug|ARM
		Debug|iPhone = Debug|iPhone
		Debug|iPhoneSimulator = Debug|iPhoneSimulator
		Debug|x64 = Debug|x64
		Debug|x86 = Debug|x86
		Release|Any CPU = Release|Any CPU
		Release|ARM = Release|ARM
		Release|iPhone = Release|iPhone
		Release|iPhoneSimulator = Release|iPhoneSimulator
		Release|x64 = Release|x64
		Release|x86 = Release|x86
	EndGlobalSection
	GlobalSection(ProjectConfigurationPlatforms) = postSolution
		{83EF8742-8D75-4697-8B1D-84DBD2BEAACB}.Ad-Hoc|Any CPU.ActiveCfg = Release|Any CPU
		{83EF8742-8D75-4697-8B1D-84DBD2BEAACB}.Ad-Hoc|Any CPU.Build.0 = Release|Any CPU
		{83EF8742-8D75-4697-8B1D-84DBD2BEAACB}.Ad-Hoc|Any CPU.Deploy.0 = Release|Any CPU
		{83EF8742-8D75-4697-8B1D-84DBD2BEAACB}.Ad-Hoc|ARM.ActiveCfg = Release|Any CPU
		{83EF8742-8D75-4697-8B1D-84DBD2BEAACB}.Ad-Hoc|ARM.Build.0 = Release|Any CPU
		{83EF8742-8D75-4697-8B1D-84DBD2BEAACB}.Ad-Hoc|ARM.Deploy.0 = Release|Any CPU
		{83EF8742-8D75-4697-8B1D-84DBD2BEAACB}.Ad-Hoc|iPhone.ActiveCfg = Release|Any CPU
		{83EF8742-8D75-4697-8B1D-84DBD2BEAACB}.Ad-Hoc|iPhone.Build.0 = Release|Any CPU
		{83EF8742-8D75-4697-8B1D-84DBD2BEAACB}.Ad-Hoc|iPhone.Deploy.0 = Release|Any CPU
		{83EF8742-8D75-4697-8B1D-84DBD2BEAACB}.Ad-Hoc|iPhoneSimulator.ActiveCfg = Release|Any CPU
		{83EF8742-8D75-4697-8B1D-84DBD2BEAACB}.Ad-Hoc|iPhoneSimulator.Build.0 = Release|Any CPU
		{83EF8742-8D75-4697-8B1D-84DBD2BEAACB}.Ad-Hoc|iPhoneSimulator.Deploy.0 = Release|Any CPU
		{83EF8742-8D75-4697-8B1D-84DBD2BEAACB}.Ad-Hoc|x64.ActiveCfg = Release|Any CPU
		{83EF8742-8D75-4697-8B1D-84DBD2BEAACB}.Ad-Hoc|x64.Build.0 = Release|Any CPU
		{83EF8742-8D75-4697-8B1D-84DBD2BEAACB}.Ad-Hoc|x64.Deploy.0 = Release|Any CPU
		{83EF8742-8D75-4697-8B1D-84DBD2BEAACB}.Ad-Hoc|x86.ActiveCfg = Release|Any CPU
		{83EF8742-8D75-4697-8B1D-84DBD2BEAACB}.Ad-Hoc|x86.Build.0 = Release|Any CPU
		{83EF8742-8D75-4697-8B1D-84DBD2BEAACB}.Ad-Hoc|x86.Deploy.0 = Release|Any CPU
		{83EF8742-8D75-4697-8B1D-84DBD2BEAACB}.AppStore|Any CPU.ActiveCfg = Release|Any CPU
		{83EF8742-8D75-4697-8B1D-84DBD2BEAACB}.AppStore|Any CPU.Build.0 = Release|Any CPU
		{83EF8742-8D75-4697-8B1D-84DBD2BEAACB}.AppStore|Any CPU.Deploy.0 = Release|Any CPU
		{83EF8742-8D75-4697-8B1D-84DBD2BEAACB}.AppStore|ARM.ActiveCfg = Release|Any CPU
		{83EF8742-8D75-4697-8B1D-84DBD2BEAACB}.AppStore|ARM.Build.0 = Release|Any CPU
		{83EF8742-8D75-4697-8B1D-84DBD2BEAACB}.AppStore|ARM.Deploy.0 = Release|Any CPU
		{83EF8742-8D75-4697-8B1D-84DBD2BEAACB}.AppStore|iPhone.ActiveCfg = Release|Any CPU
		{83EF8742-8D75-4697-8B1D-84DBD2BEAACB}.AppStore|iPhone.Build.0 = Release|Any CPU
		{83EF8742-8D75-4697-8B1D-84DBD2BEAACB}.AppStore|iPhone.Deploy.0 = Release|Any CPU
		{83EF8742-8D75-4697-8B1D-84DBD2BEAACB}.AppStore|iPhoneSimulator.ActiveCfg = Release|Any CPU
		{83EF8742-8D75-4697-8B1D-84DBD2BEAACB}.AppStore|iPhoneSimulator.Build.0 = Release|Any CPU
		{83EF8742-8D75-4697-8B1D-84DBD2BEAACB}.AppStore|iPhoneSimulator.Deploy.0 = Release|Any CPU
		{83EF8742-8D75-4697-8B1D-84DBD2BEAACB}.AppStore|x64.ActiveCfg = Release|Any CPU
		{83EF8742-8D75-4697-8B1D-84DBD2BEAACB}.AppStore|x64.Build.0 = Release|Any CPU
		{83EF8742-8D75-4697-8B1D-84DBD2BEAACB}.AppStore|x64.Deploy.0 = Release|Any CPU
		{83EF8742-8D75-4697-8B1D-84DBD2BEAACB}.AppStore|x86.ActiveCfg = Release|Any CPU
		{83EF8742-8D75-4697-8B1D-84DBD2BEAACB}.AppStore|x86.Build.0 = Release|Any CPU
		{83EF8742-8D75-4697-8B1D-84DBD2BEAACB}.AppStore|x86.Deploy.0 = Release|Any CPU
		{83EF8742-8D75-4697-8B1D-84DBD2BEAACB}.Debug|Any CPU.ActiveCfg = Debug|Any CPU
		{83EF8742-8D75-4697-8B1D-84DBD2BEAACB}.Debug|Any CPU.Build.0 = Debug|Any CPU
		{83EF8742-8D75-4697-8B1D-84DBD2BEAACB}.Debug|Any CPU.Deploy.0 = Debug|Any CPU
		{83EF8742-8D75-4697-8B1D-84DBD2BEAACB}.Debug|ARM.ActiveCfg = Debug|Any CPU
		{83EF8742-8D75-4697-8B1D-84DBD2BEAACB}.Debug|ARM.Build.0 = Debug|Any CPU
		{83EF8742-8D75-4697-8B1D-84DBD2BEAACB}.Debug|ARM.Deploy.0 = Debug|Any CPU
		{83EF8742-8D75-4697-8B1D-84DBD2BEAACB}.Debug|iPhone.ActiveCfg = Debug|Any CPU
		{83EF8742-8D75-4697-8B1D-84DBD2BEAACB}.Debug|iPhone.Build.0 = Debug|Any CPU
		{83EF8742-8D75-4697-8B1D-84DBD2BEAACB}.Debug|iPhone.Deploy.0 = Debug|Any CPU
		{83EF8742-8D75-4697-8B1D-84DBD2BEAACB}.Debug|iPhoneSimulator.ActiveCfg = Debug|Any CPU
		{83EF8742-8D75-4697-8B1D-84DBD2BEAACB}.Debug|iPhoneSimulator.Build.0 = Debug|Any CPU
		{83EF8742-8D75-4697-8B1D-84DBD2BEAACB}.Debug|iPhoneSimulator.Deploy.0 = Debug|Any CPU
		{83EF8742-8D75-4697-8B1D-84DBD2BEAACB}.Debug|x64.ActiveCfg = Debug|Any CPU
		{83EF8742-8D75-4697-8B1D-84DBD2BEAACB}.Debug|x64.Build.0 = Debug|Any CPU
		{83EF8742-8D75-4697-8B1D-84DBD2BEAACB}.Debug|x64.Deploy.0 = Debug|Any CPU
		{83EF8742-8D75-4697-8B1D-84DBD2BEAACB}.Debug|x86.ActiveCfg = Debug|Any CPU
		{83EF8742-8D75-4697-8B1D-84DBD2BEAACB}.Debug|x86.Build.0 = Debug|Any CPU
		{83EF8742-8D75-4697-8B1D-84DBD2BEAACB}.Debug|x86.Deploy.0 = Debug|Any CPU
		{83EF8742-8D75-4697-8B1D-84DBD2BEAACB}.Release|Any CPU.ActiveCfg = Release|Any CPU
		{83EF8742-8D75-4697-8B1D-84DBD2BEAACB}.Release|Any CPU.Build.0 = Release|Any CPU
		{83EF8742-8D75-4697-8B1D-84DBD2BEAACB}.Release|Any CPU.Deploy.0 = Release|Any CPU
		{83EF8742-8D75-4697-8B1D-84DBD2BEAACB}.Release|ARM.ActiveCfg = Release|Any CPU
		{83EF8742-8D75-4697-8B1D-84DBD2BEAACB}.Release|ARM.Build.0 = Release|Any CPU
		{83EF8742-8D75-4697-8B1D-84DBD2BEAACB}.Release|ARM.Deploy.0 = Release|Any CPU
		{83EF8742-8D75-4697-8B1D-84DBD2BEAACB}.Release|iPhone.ActiveCfg = Release|Any CPU
		{83EF8742-8D75-4697-8B1D-84DBD2BEAACB}.Release|iPhone.Build.0 = Release|Any CPU
		{83EF8742-8D75-4697-8B1D-84DBD2BEAACB}.Release|iPhone.Deploy.0 = Release|Any CPU
		{83EF8742-8D75-4697-8B1D-84DBD2BEAACB}.Release|iPhoneSimulator.ActiveCfg = Release|Any CPU
		{83EF8742-8D75-4697-8B1D-84DBD2BEAACB}.Release|iPhoneSimulator.Build.0 = Release|Any CPU
		{83EF8742-8D75-4697-8B1D-84DBD2BEAACB}.Release|iPhoneSimulator.Deploy.0 = Release|Any CPU
		{83EF8742-8D75-4697-8B1D-84DBD2BEAACB}.Release|x64.ActiveCfg = Release|Any CPU
		{83EF8742-8D75-4697-8B1D-84DBD2BEAACB}.Release|x64.Build.0 = Release|Any CPU
		{83EF8742-8D75-4697-8B1D-84DBD2BEAACB}.Release|x64.Deploy.0 = Release|Any CPU
		{83EF8742-8D75-4697-8B1D-84DBD2BEAACB}.Release|x86.ActiveCfg = Release|Any CPU
		{83EF8742-8D75-4697-8B1D-84DBD2BEAACB}.Release|x86.Build.0 = Release|Any CPU
		{83EF8742-8D75-4697-8B1D-84DBD2BEAACB}.Release|x86.Deploy.0 = Release|Any CPU
		{1BF2871B-63C5-416A-A4B4-6904ECC9048D}.Ad-Hoc|Any CPU.ActiveCfg = Ad-Hoc|iPhone
		{1BF2871B-63C5-416A-A4B4-6904ECC9048D}.Ad-Hoc|Any CPU.Build.0 = Ad-Hoc|iPhone
		{1BF2871B-63C5-416A-A4B4-6904ECC9048D}.Ad-Hoc|Any CPU.Deploy.0 = Ad-Hoc|iPhone
		{1BF2871B-63C5-416A-A4B4-6904ECC9048D}.Ad-Hoc|ARM.ActiveCfg = Ad-Hoc|iPhone
		{1BF2871B-63C5-416A-A4B4-6904ECC9048D}.Ad-Hoc|ARM.Build.0 = Ad-Hoc|iPhone
		{1BF2871B-63C5-416A-A4B4-6904ECC9048D}.Ad-Hoc|ARM.Deploy.0 = Ad-Hoc|iPhone
		{1BF2871B-63C5-416A-A4B4-6904ECC9048D}.Ad-Hoc|iPhone.ActiveCfg = Ad-Hoc|iPhone
		{1BF2871B-63C5-416A-A4B4-6904ECC9048D}.Ad-Hoc|iPhone.Build.0 = Ad-Hoc|iPhone
		{1BF2871B-63C5-416A-A4B4-6904ECC9048D}.Ad-Hoc|iPhone.Deploy.0 = Ad-Hoc|iPhone
		{1BF2871B-63C5-416A-A4B4-6904ECC9048D}.Ad-Hoc|iPhoneSimulator.ActiveCfg = Ad-Hoc|iPhoneSimulator
		{1BF2871B-63C5-416A-A4B4-6904ECC9048D}.Ad-Hoc|iPhoneSimulator.Build.0 = Ad-Hoc|iPhoneSimulator
		{1BF2871B-63C5-416A-A4B4-6904ECC9048D}.Ad-Hoc|iPhoneSimulator.Deploy.0 = Ad-Hoc|iPhoneSimulator
		{1BF2871B-63C5-416A-A4B4-6904ECC9048D}.Ad-Hoc|x64.ActiveCfg = Ad-Hoc|iPhone
		{1BF2871B-63C5-416A-A4B4-6904ECC9048D}.Ad-Hoc|x64.Build.0 = Ad-Hoc|iPhone
		{1BF2871B-63C5-416A-A4B4-6904ECC9048D}.Ad-Hoc|x64.Deploy.0 = Ad-Hoc|iPhone
		{1BF2871B-63C5-416A-A4B4-6904ECC9048D}.Ad-Hoc|x86.ActiveCfg = Ad-Hoc|iPhone
		{1BF2871B-63C5-416A-A4B4-6904ECC9048D}.Ad-Hoc|x86.Build.0 = Ad-Hoc|iPhone
		{1BF2871B-63C5-416A-A4B4-6904ECC9048D}.Ad-Hoc|x86.Deploy.0 = Ad-Hoc|iPhone
		{1BF2871B-63C5-416A-A4B4-6904ECC9048D}.AppStore|Any CPU.ActiveCfg = AppStore|iPhone
		{1BF2871B-63C5-416A-A4B4-6904ECC9048D}.AppStore|Any CPU.Build.0 = AppStore|iPhone
		{1BF2871B-63C5-416A-A4B4-6904ECC9048D}.AppStore|Any CPU.Deploy.0 = AppStore|iPhone
		{1BF2871B-63C5-416A-A4B4-6904ECC9048D}.AppStore|ARM.ActiveCfg = AppStore|iPhone
		{1BF2871B-63C5-416A-A4B4-6904ECC9048D}.AppStore|ARM.Build.0 = AppStore|iPhone
		{1BF2871B-63C5-416A-A4B4-6904ECC9048D}.AppStore|ARM.Deploy.0 = AppStore|iPhone
		{1BF2871B-63C5-416A-A4B4-6904ECC9048D}.AppStore|iPhone.ActiveCfg = AppStore|iPhone
		{1BF2871B-63C5-416A-A4B4-6904ECC9048D}.AppStore|iPhone.Build.0 = AppStore|iPhone
		{1BF2871B-63C5-416A-A4B4-6904ECC9048D}.AppStore|iPhone.Deploy.0 = AppStore|iPhone
		{1BF2871B-63C5-416A-A4B4-6904ECC9048D}.AppStore|iPhoneSimulator.ActiveCfg = AppStore|iPhoneSimulator
		{1BF2871B-63C5-416A-A4B4-6904ECC9048D}.AppStore|iPhoneSimulator.Build.0 = AppStore|iPhoneSimulator
		{1BF2871B-63C5-416A-A4B4-6904ECC9048D}.AppStore|iPhoneSimulator.Deploy.0 = AppStore|iPhoneSimulator
		{1BF2871B-63C5-416A-A4B4-6904ECC9048D}.AppStore|x64.ActiveCfg = AppStore|iPhone
		{1BF2871B-63C5-416A-A4B4-6904ECC9048D}.AppStore|x64.Build.0 = AppStore|iPhone
		{1BF2871B-63C5-416A-A4B4-6904ECC9048D}.AppStore|x64.Deploy.0 = AppStore|iPhone
		{1BF2871B-63C5-416A-A4B4-6904ECC9048D}.AppStore|x86.ActiveCfg = AppStore|iPhone
		{1BF2871B-63C5-416A-A4B4-6904ECC9048D}.AppStore|x86.Build.0 = AppStore|iPhone
		{1BF2871B-63C5-416A-A4B4-6904ECC9048D}.AppStore|x86.Deploy.0 = AppStore|iPhone
		{1BF2871B-63C5-416A-A4B4-6904ECC9048D}.Debug|Any CPU.ActiveCfg = Debug|iPhoneSimulator
		{1BF2871B-63C5-416A-A4B4-6904ECC9048D}.Debug|Any CPU.Build.0 = Debug|iPhoneSimulator
		{1BF2871B-63C5-416A-A4B4-6904ECC9048D}.Debug|Any CPU.Deploy.0 = Debug|iPhoneSimulator
		{1BF2871B-63C5-416A-A4B4-6904ECC9048D}.Debug|ARM.ActiveCfg = Debug|iPhone
		{1BF2871B-63C5-416A-A4B4-6904ECC9048D}.Debug|ARM.Build.0 = Debug|iPhone
		{1BF2871B-63C5-416A-A4B4-6904ECC9048D}.Debug|ARM.Deploy.0 = Debug|iPhone
		{1BF2871B-63C5-416A-A4B4-6904ECC9048D}.Debug|iPhone.ActiveCfg = Debug|iPhone
		{1BF2871B-63C5-416A-A4B4-6904ECC9048D}.Debug|iPhone.Build.0 = Debug|iPhone
		{1BF2871B-63C5-416A-A4B4-6904ECC9048D}.Debug|iPhone.Deploy.0 = Debug|iPhone
		{1BF2871B-63C5-416A-A4B4-6904ECC9048D}.Debug|iPhoneSimulator.ActiveCfg = Debug|iPhoneSimulator
		{1BF2871B-63C5-416A-A4B4-6904ECC9048D}.Debug|iPhoneSimulator.Build.0 = Debug|iPhoneSimulator
		{1BF2871B-63C5-416A-A4B4-6904ECC9048D}.Debug|iPhoneSimulator.Deploy.0 = Debug|iPhoneSimulator
		{1BF2871B-63C5-416A-A4B4-6904ECC9048D}.Debug|x64.ActiveCfg = Debug|iPhone
		{1BF2871B-63C5-416A-A4B4-6904ECC9048D}.Debug|x64.Build.0 = Debug|iPhone
		{1BF2871B-63C5-416A-A4B4-6904ECC9048D}.Debug|x64.Deploy.0 = Debug|iPhone
		{1BF2871B-63C5-416A-A4B4-6904ECC9048D}.Debug|x86.ActiveCfg = Debug|iPhone
		{1BF2871B-63C5-416A-A4B4-6904ECC9048D}.Debug|x86.Build.0 = Debug|iPhone
		{1BF2871B-63C5-416A-A4B4-6904ECC9048D}.Debug|x86.Deploy.0 = Debug|iPhone
		{1BF2871B-63C5-416A-A4B4-6904ECC9048D}.Release|Any CPU.ActiveCfg = Release|iPhone
		{1BF2871B-63C5-416A-A4B4-6904ECC9048D}.Release|Any CPU.Build.0 = Release|iPhone
		{1BF2871B-63C5-416A-A4B4-6904ECC9048D}.Release|Any CPU.Deploy.0 = Release|iPhone
		{1BF2871B-63C5-416A-A4B4-6904ECC9048D}.Release|ARM.ActiveCfg = Release|iPhone
		{1BF2871B-63C5-416A-A4B4-6904ECC9048D}.Release|ARM.Build.0 = Release|iPhone
		{1BF2871B-63C5-416A-A4B4-6904ECC9048D}.Release|ARM.Deploy.0 = Release|iPhone
		{1BF2871B-63C5-416A-A4B4-6904ECC9048D}.Release|iPhone.ActiveCfg = Release|iPhone
		{1BF2871B-63C5-416A-A4B4-6904ECC9048D}.Release|iPhone.Build.0 = Release|iPhone
		{1BF2871B-63C5-416A-A4B4-6904ECC9048D}.Release|iPhone.Deploy.0 = Release|iPhone
		{1BF2871B-63C5-416A-A4B4-6904ECC9048D}.Release|iPhoneSimulator.ActiveCfg = Release|iPhoneSimulator
		{1BF2871B-63C5-416A-A4B4-6904ECC9048D}.Release|iPhoneSimulator.Build.0 = Release|iPhoneSimulator
		{1BF2871B-63C5-416A-A4B4-6904ECC9048D}.Release|iPhoneSimulator.Deploy.0 = Release|iPhoneSimulator
		{1BF2871B-63C5-416A-A4B4-6904ECC9048D}.Release|x64.ActiveCfg = Release|iPhone
		{1BF2871B-63C5-416A-A4B4-6904ECC9048D}.Release|x64.Build.0 = Release|iPhone
		{1BF2871B-63C5-416A-A4B4-6904ECC9048D}.Release|x64.Deploy.0 = Release|iPhone
		{1BF2871B-63C5-416A-A4B4-6904ECC9048D}.Release|x86.ActiveCfg = Release|iPhone
		{1BF2871B-63C5-416A-A4B4-6904ECC9048D}.Release|x86.Build.0 = Release|iPhone
		{1BF2871B-63C5-416A-A4B4-6904ECC9048D}.Release|x86.Deploy.0 = Release|iPhone
		{43889B9F-94EB-452E-BE4D-236DAAA96DED}.Ad-Hoc|Any CPU.ActiveCfg = Release|x86
		{43889B9F-94EB-452E-BE4D-236DAAA96DED}.Ad-Hoc|Any CPU.Build.0 = Release|x86
		{43889B9F-94EB-452E-BE4D-236DAAA96DED}.Ad-Hoc|Any CPU.Deploy.0 = Release|x86
		{43889B9F-94EB-452E-BE4D-236DAAA96DED}.Ad-Hoc|ARM.ActiveCfg = Release|ARM
		{43889B9F-94EB-452E-BE4D-236DAAA96DED}.Ad-Hoc|ARM.Build.0 = Release|ARM
		{43889B9F-94EB-452E-BE4D-236DAAA96DED}.Ad-Hoc|ARM.Deploy.0 = Release|ARM
		{43889B9F-94EB-452E-BE4D-236DAAA96DED}.Ad-Hoc|iPhone.ActiveCfg = Release|x86
		{43889B9F-94EB-452E-BE4D-236DAAA96DED}.Ad-Hoc|iPhone.Build.0 = Release|x86
		{43889B9F-94EB-452E-BE4D-236DAAA96DED}.Ad-Hoc|iPhone.Deploy.0 = Release|x86
		{43889B9F-94EB-452E-BE4D-236DAAA96DED}.Ad-Hoc|iPhoneSimulator.ActiveCfg = Release|x86
		{43889B9F-94EB-452E-BE4D-236DAAA96DED}.Ad-Hoc|iPhoneSimulator.Build.0 = Release|x86
		{43889B9F-94EB-452E-BE4D-236DAAA96DED}.Ad-Hoc|iPhoneSimulator.Deploy.0 = Release|x86
		{43889B9F-94EB-452E-BE4D-236DAAA96DED}.Ad-Hoc|x64.ActiveCfg = Release|x64
		{43889B9F-94EB-452E-BE4D-236DAAA96DED}.Ad-Hoc|x64.Build.0 = Release|x64
		{43889B9F-94EB-452E-BE4D-236DAAA96DED}.Ad-Hoc|x64.Deploy.0 = Release|x64
		{43889B9F-94EB-452E-BE4D-236DAAA96DED}.Ad-Hoc|x86.ActiveCfg = Release|x86
		{43889B9F-94EB-452E-BE4D-236DAAA96DED}.Ad-Hoc|x86.Build.0 = Release|x86
		{43889B9F-94EB-452E-BE4D-236DAAA96DED}.Ad-Hoc|x86.Deploy.0 = Release|x86
		{43889B9F-94EB-452E-BE4D-236DAAA96DED}.AppStore|Any CPU.ActiveCfg = Release|x86
		{43889B9F-94EB-452E-BE4D-236DAAA96DED}.AppStore|Any CPU.Build.0 = Release|x86
		{43889B9F-94EB-452E-BE4D-236DAAA96DED}.AppStore|Any CPU.Deploy.0 = Release|x86
		{43889B9F-94EB-452E-BE4D-236DAAA96DED}.AppStore|ARM.ActiveCfg = Release|ARM
		{43889B9F-94EB-452E-BE4D-236DAAA96DED}.AppStore|ARM.Build.0 = Release|ARM
		{43889B9F-94EB-452E-BE4D-236DAAA96DED}.AppStore|ARM.Deploy.0 = Release|ARM
		{43889B9F-94EB-452E-BE4D-236DAAA96DED}.AppStore|iPhone.ActiveCfg = Release|x86
		{43889B9F-94EB-452E-BE4D-236DAAA96DED}.AppStore|iPhone.Build.0 = Release|x86
		{43889B9F-94EB-452E-BE4D-236DAAA96DED}.AppStore|iPhone.Deploy.0 = Release|x86
		{43889B9F-94EB-452E-BE4D-236DAAA96DED}.AppStore|iPhoneSimulator.ActiveCfg = Release|x86
		{43889B9F-94EB-452E-BE4D-236DAAA96DED}.AppStore|iPhoneSimulator.Build.0 = Release|x86
		{43889B9F-94EB-452E-BE4D-236DAAA96DED}.AppStore|iPhoneSimulator.Deploy.0 = Release|x86
		{43889B9F-94EB-452E-BE4D-236DAAA96DED}.AppStore|x64.ActiveCfg = Release|x64
		{43889B9F-94EB-452E-BE4D-236DAAA96DED}.AppStore|x64.Build.0 = Release|x64
		{43889B9F-94EB-452E-BE4D-236DAAA96DED}.AppStore|x64.Deploy.0 = Release|x64
		{43889B9F-94EB-452E-BE4D-236DAAA96DED}.AppStore|x86.ActiveCfg = Release|x86
		{43889B9F-94EB-452E-BE4D-236DAAA96DED}.AppStore|x86.Build.0 = Release|x86
		{43889B9F-94EB-452E-BE4D-236DAAA96DED}.AppStore|x86.Deploy.0 = Release|x86
		{43889B9F-94EB-452E-BE4D-236DAAA96DED}.Debug|Any CPU.ActiveCfg = Debug|x86
		{43889B9F-94EB-452E-BE4D-236DAAA96DED}.Debug|Any CPU.Build.0 = Debug|x86
		{43889B9F-94EB-452E-BE4D-236DAAA96DED}.Debug|Any CPU.Deploy.0 = Debug|x86
		{43889B9F-94EB-452E-BE4D-236DAAA96DED}.Debug|ARM.ActiveCfg = Debug|ARM
		{43889B9F-94EB-452E-BE4D-236DAAA96DED}.Debug|ARM.Build.0 = Debug|ARM
		{43889B9F-94EB-452E-BE4D-236DAAA96DED}.Debug|ARM.Deploy.0 = Debug|ARM
		{43889B9F-94EB-452E-BE4D-236DAAA96DED}.Debug|iPhone.ActiveCfg = Debug|x86
		{43889B9F-94EB-452E-BE4D-236DAAA96DED}.Debug|iPhone.Build.0 = Debug|x86
		{43889B9F-94EB-452E-BE4D-236DAAA96DED}.Debug|iPhone.Deploy.0 = Debug|x86
		{43889B9F-94EB-452E-BE4D-236DAAA96DED}.Debug|iPhoneSimulator.ActiveCfg = Debug|x86
		{43889B9F-94EB-452E-BE4D-236DAAA96DED}.Debug|iPhoneSimulator.Build.0 = Debug|x86
		{43889B9F-94EB-452E-BE4D-236DAAA96DED}.Debug|iPhoneSimulator.Deploy.0 = Debug|x86
		{43889B9F-94EB-452E-BE4D-236DAAA96DED}.Debug|x64.ActiveCfg = Debug|x64
		{43889B9F-94EB-452E-BE4D-236DAAA96DED}.Debug|x64.Build.0 = Debug|x64
		{43889B9F-94EB-452E-BE4D-236DAAA96DED}.Debug|x64.Deploy.0 = Debug|x64
		{43889B9F-94EB-452E-BE4D-236DAAA96DED}.Debug|x86.ActiveCfg = Debug|x86
		{43889B9F-94EB-452E-BE4D-236DAAA96DED}.Debug|x86.Build.0 = Debug|x86
		{43889B9F-94EB-452E-BE4D-236DAAA96DED}.Debug|x86.Deploy.0 = Debug|x86
		{43889B9F-94EB-452E-BE4D-236DAAA96DED}.Release|Any CPU.ActiveCfg = Release|x86
		{43889B9F-94EB-452E-BE4D-236DAAA96DED}.Release|Any CPU.Build.0 = Release|x86
		{43889B9F-94EB-452E-BE4D-236DAAA96DED}.Release|Any CPU.Deploy.0 = Release|x86
		{43889B9F-94EB-452E-BE4D-236DAAA96DED}.Release|ARM.ActiveCfg = Release|ARM
		{43889B9F-94EB-452E-BE4D-236DAAA96DED}.Release|ARM.Build.0 = Release|ARM
		{43889B9F-94EB-452E-BE4D-236DAAA96DED}.Release|ARM.Deploy.0 = Release|ARM
		{43889B9F-94EB-452E-BE4D-236DAAA96DED}.Release|iPhone.ActiveCfg = Release|x86
		{43889B9F-94EB-452E-BE4D-236DAAA96DED}.Release|iPhone.Build.0 = Release|x86
		{43889B9F-94EB-452E-BE4D-236DAAA96DED}.Release|iPhone.Deploy.0 = Release|x86
		{43889B9F-94EB-452E-BE4D-236DAAA96DED}.Release|iPhoneSimulator.ActiveCfg = Release|x86
		{43889B9F-94EB-452E-BE4D-236DAAA96DED}.Release|iPhoneSimulator.Build.0 = Release|x86
		{43889B9F-94EB-452E-BE4D-236DAAA96DED}.Release|iPhoneSimulator.Deploy.0 = Release|x86
		{43889B9F-94EB-452E-BE4D-236DAAA96DED}.Release|x64.ActiveCfg = Release|x64
		{43889B9F-94EB-452E-BE4D-236DAAA96DED}.Release|x64.Build.0 = Release|x64
		{43889B9F-94EB-452E-BE4D-236DAAA96DED}.Release|x64.Deploy.0 = Release|x64
		{43889B9F-94EB-452E-BE4D-236DAAA96DED}.Release|x86.ActiveCfg = Release|x86
		{43889B9F-94EB-452E-BE4D-236DAAA96DED}.Release|x86.Build.0 = Release|x86
		{43889B9F-94EB-452E-BE4D-236DAAA96DED}.Release|x86.Deploy.0 = Release|x86
		{CD63A9C8-6906-492B-BC0D-853F130441BD}.Ad-Hoc|Any CPU.ActiveCfg = Debug|Any CPU
		{CD63A9C8-6906-492B-BC0D-853F130441BD}.Ad-Hoc|Any CPU.Build.0 = Debug|Any CPU
		{CD63A9C8-6906-492B-BC0D-853F130441BD}.Ad-Hoc|Any CPU.Deploy.0 = Debug|Any CPU
		{CD63A9C8-6906-492B-BC0D-853F130441BD}.Ad-Hoc|ARM.ActiveCfg = Debug|Any CPU
		{CD63A9C8-6906-492B-BC0D-853F130441BD}.Ad-Hoc|ARM.Build.0 = Debug|Any CPU
		{CD63A9C8-6906-492B-BC0D-853F130441BD}.Ad-Hoc|ARM.Deploy.0 = Debug|Any CPU
		{CD63A9C8-6906-492B-BC0D-853F130441BD}.Ad-Hoc|iPhone.ActiveCfg = Debug|Any CPU
		{CD63A9C8-6906-492B-BC0D-853F130441BD}.Ad-Hoc|iPhone.Build.0 = Debug|Any CPU
		{CD63A9C8-6906-492B-BC0D-853F130441BD}.Ad-Hoc|iPhone.Deploy.0 = Debug|Any CPU
		{CD63A9C8-6906-492B-BC0D-853F130441BD}.Ad-Hoc|iPhoneSimulator.ActiveCfg = Debug|Any CPU
		{CD63A9C8-6906-492B-BC0D-853F130441BD}.Ad-Hoc|iPhoneSimulator.Build.0 = Debug|Any CPU
		{CD63A9C8-6906-492B-BC0D-853F130441BD}.Ad-Hoc|iPhoneSimulator.Deploy.0 = Debug|Any CPU
		{CD63A9C8-6906-492B-BC0D-853F130441BD}.Ad-Hoc|x64.ActiveCfg = Debug|Any CPU
		{CD63A9C8-6906-492B-BC0D-853F130441BD}.Ad-Hoc|x64.Build.0 = Debug|Any CPU
		{CD63A9C8-6906-492B-BC0D-853F130441BD}.Ad-Hoc|x64.Deploy.0 = Debug|Any CPU
		{CD63A9C8-6906-492B-BC0D-853F130441BD}.Ad-Hoc|x86.ActiveCfg = Debug|Any CPU
		{CD63A9C8-6906-492B-BC0D-853F130441BD}.Ad-Hoc|x86.Build.0 = Debug|Any CPU
		{CD63A9C8-6906-492B-BC0D-853F130441BD}.Ad-Hoc|x86.Deploy.0 = Debug|Any CPU
		{CD63A9C8-6906-492B-BC0D-853F130441BD}.AppStore|Any CPU.ActiveCfg = Debug|Any CPU
		{CD63A9C8-6906-492B-BC0D-853F130441BD}.AppStore|Any CPU.Build.0 = Debug|Any CPU
		{CD63A9C8-6906-492B-BC0D-853F130441BD}.AppStore|Any CPU.Deploy.0 = Debug|Any CPU
		{CD63A9C8-6906-492B-BC0D-853F130441BD}.AppStore|ARM.ActiveCfg = Debug|Any CPU
		{CD63A9C8-6906-492B-BC0D-853F130441BD}.AppStore|ARM.Build.0 = Debug|Any CPU
		{CD63A9C8-6906-492B-BC0D-853F130441BD}.AppStore|ARM.Deploy.0 = Debug|Any CPU
		{CD63A9C8-6906-492B-BC0D-853F130441BD}.AppStore|iPhone.ActiveCfg = Debug|Any CPU
		{CD63A9C8-6906-492B-BC0D-853F130441BD}.AppStore|iPhone.Build.0 = Debug|Any CPU
		{CD63A9C8-6906-492B-BC0D-853F130441BD}.AppStore|iPhone.Deploy.0 = Debug|Any CPU
		{CD63A9C8-6906-492B-BC0D-853F130441BD}.AppStore|iPhoneSimulator.ActiveCfg = Debug|Any CPU
		{CD63A9C8-6906-492B-BC0D-853F130441BD}.AppStore|iPhoneSimulator.Build.0 = Debug|Any CPU
		{CD63A9C8-6906-492B-BC0D-853F130441BD}.AppStore|iPhoneSimulator.Deploy.0 = Debug|Any CPU
		{CD63A9C8-6906-492B-BC0D-853F130441BD}.AppStore|x64.ActiveCfg = Debug|Any CPU
		{CD63A9C8-6906-492B-BC0D-853F130441BD}.AppStore|x64.Build.0 = Debug|Any CPU
		{CD63A9C8-6906-492B-BC0D-853F130441BD}.AppStore|x64.Deploy.0 = Debug|Any CPU
		{CD63A9C8-6906-492B-BC0D-853F130441BD}.AppStore|x86.ActiveCfg = Debug|Any CPU
		{CD63A9C8-6906-492B-BC0D-853F130441BD}.AppStore|x86.Build.0 = Debug|Any CPU
		{CD63A9C8-6906-492B-BC0D-853F130441BD}.AppStore|x86.Deploy.0 = Debug|Any CPU
		{CD63A9C8-6906-492B-BC0D-853F130441BD}.Debug|Any CPU.ActiveCfg = Debug|Any CPU
		{CD63A9C8-6906-492B-BC0D-853F130441BD}.Debug|Any CPU.Build.0 = Debug|Any CPU
		{CD63A9C8-6906-492B-BC0D-853F130441BD}.Debug|Any CPU.Deploy.0 = Debug|Any CPU
		{CD63A9C8-6906-492B-BC0D-853F130441BD}.Debug|ARM.ActiveCfg = Debug|Any CPU
		{CD63A9C8-6906-492B-BC0D-853F130441BD}.Debug|ARM.Build.0 = Debug|Any CPU
		{CD63A9C8-6906-492B-BC0D-853F130441BD}.Debug|ARM.Deploy.0 = Debug|Any CPU
		{CD63A9C8-6906-492B-BC0D-853F130441BD}.Debug|iPhone.ActiveCfg = Debug|Any CPU
		{CD63A9C8-6906-492B-BC0D-853F130441BD}.Debug|iPhone.Build.0 = Debug|Any CPU
		{CD63A9C8-6906-492B-BC0D-853F130441BD}.Debug|iPhone.Deploy.0 = Debug|Any CPU
		{CD63A9C8-6906-492B-BC0D-853F130441BD}.Debug|iPhoneSimulator.ActiveCfg = Debug|Any CPU
		{CD63A9C8-6906-492B-BC0D-853F130441BD}.Debug|iPhoneSimulator.Build.0 = Debug|Any CPU
		{CD63A9C8-6906-492B-BC0D-853F130441BD}.Debug|iPhoneSimulator.Deploy.0 = Debug|Any CPU
		{CD63A9C8-6906-492B-BC0D-853F130441BD}.Debug|x64.ActiveCfg = Debug|Any CPU
		{CD63A9C8-6906-492B-BC0D-853F130441BD}.Debug|x64.Build.0 = Debug|Any CPU
		{CD63A9C8-6906-492B-BC0D-853F130441BD}.Debug|x64.Deploy.0 = Debug|Any CPU
		{CD63A9C8-6906-492B-BC0D-853F130441BD}.Debug|x86.ActiveCfg = Debug|Any CPU
		{CD63A9C8-6906-492B-BC0D-853F130441BD}.Debug|x86.Build.0 = Debug|Any CPU
		{CD63A9C8-6906-492B-BC0D-853F130441BD}.Debug|x86.Deploy.0 = Debug|Any CPU
		{CD63A9C8-6906-492B-BC0D-853F130441BD}.Release|Any CPU.ActiveCfg = Release|Any CPU
		{CD63A9C8-6906-492B-BC0D-853F130441BD}.Release|Any CPU.Build.0 = Release|Any CPU
		{CD63A9C8-6906-492B-BC0D-853F130441BD}.Release|Any CPU.Deploy.0 = Release|Any CPU
		{CD63A9C8-6906-492B-BC0D-853F130441BD}.Release|ARM.ActiveCfg = Release|Any CPU
		{CD63A9C8-6906-492B-BC0D-853F130441BD}.Release|ARM.Build.0 = Release|Any CPU
		{CD63A9C8-6906-492B-BC0D-853F130441BD}.Release|ARM.Deploy.0 = Release|Any CPU
		{CD63A9C8-6906-492B-BC0D-853F130441BD}.Release|iPhone.ActiveCfg = Release|Any CPU
		{CD63A9C8-6906-492B-BC0D-853F130441BD}.Release|iPhone.Build.0 = Release|Any CPU
		{CD63A9C8-6906-492B-BC0D-853F130441BD}.Release|iPhone.Deploy.0 = Release|Any CPU
		{CD63A9C8-6906-492B-BC0D-853F130441BD}.Release|iPhoneSimulator.ActiveCfg = Release|Any CPU
		{CD63A9C8-6906-492B-BC0D-853F130441BD}.Release|iPhoneSimulator.Build.0 = Release|Any CPU
		{CD63A9C8-6906-492B-BC0D-853F130441BD}.Release|iPhoneSimulator.Deploy.0 = Release|Any CPU
		{CD63A9C8-6906-492B-BC0D-853F130441BD}.Release|x64.ActiveCfg = Release|Any CPU
		{CD63A9C8-6906-492B-BC0D-853F130441BD}.Release|x64.Build.0 = Release|Any CPU
		{CD63A9C8-6906-492B-BC0D-853F130441BD}.Release|x64.Deploy.0 = Release|Any CPU
		{CD63A9C8-6906-492B-BC0D-853F130441BD}.Release|x86.ActiveCfg = Release|Any CPU
		{CD63A9C8-6906-492B-BC0D-853F130441BD}.Release|x86.Build.0 = Release|Any CPU
		{CD63A9C8-6906-492B-BC0D-853F130441BD}.Release|x86.Deploy.0 = Release|Any CPU
	EndGlobalSection
	GlobalSection(SolutionProperties) = preSolution
		HideSolutionNode = FALSE
	EndGlobalSection
	GlobalSection(ExtensibilityGlobals) = postSolution
		SolutionGuid = {4E3030E3-07D7-4047-9401-B8653A05EFAB}
	EndGlobalSection
EndGlobal
